
Microsoft Visual Studio Solution File, Format Version 12.00
# Visual Studio Version 16
VisualStudioVersion = 16.0.29001.49
MinimumVisualStudioVersion = 10.0.40219.1
Project("{9A19103F-16F7-4668-BE54-9A1E7A4F7556}") = "grump", "grump\grump.csproj", "{24026C2F-0084-4F67-9996-0AC0DE8326F3}"
EndProject
Project("{9A19103F-16F7-4668-BE54-9A1E7A4F7556}") = "grump.datastructures", "..\src\grump.datastructures\grump.datastructures.csproj", "{FC812FA1-1A8C-461F-972D-3AD829D3C51A}"
EndProject
Project("{2150E333-8FDC-42A3-9474-1A3956D46DE8}") = "dev", "dev", "{8BA9C46B-DC6A-4A4E-931F-78B3C0B4FFBD}"
EndProject
Project("{2150E333-8FDC-42A3-9474-1A3956D46DE8}") = "unit", "unit", "{F7D79DB2-DDC7-415E-8475-302F13DB6B21}"
EndProject
Project("{2150E333-8FDC-42A3-9474-1A3956D46DE8}") = "integration", "integration", "{6C2240F9-B0B2-47B8-A74C-AAD82C15F165}"
EndProject
Project("{FAE04EC0-301F-11D3-BF4B-00C04F79EFBC}") = "grump.validationextensions.tests", "..\tests\unit\grump.validationextensions.tests\grump.validationextensions.tests.csproj", "{0F7936BF-C6DC-4668-AB4D-0E920A0EF51D}"
EndProject
Project("{FAE04EC0-301F-11D3-BF4B-00C04F79EFBC}") = "grump.fileproviders.test.integration", "..\tests\integration\grump.fileproviders.test.integration\grump.fileproviders.test.integration.csproj", "{20930002-731D-45CF-814F-CC3F022DB369}"
EndProject
Project("{FAE04EC0-301F-11D3-BF4B-00C04F79EFBC}") = "grump.test.unit", "..\tests\unit\grump.test.unit\grump.test.unit.csproj", "{36E5058B-7290-44B8-A64B-CAF344B57043}"
EndProject
Project("{2150E333-8FDC-42A3-9474-1A3956D46DE8}") = "test", "test", "{E211CB6F-810D-47B8-8466-9E964644162A}"
EndProject
Project("{2150E333-8FDC-42A3-9474-1A3956D46DE8}") = "shared", "shared", "{9C3C58C7-73D6-44E1-BF48-BF8A6FD36AC0}"
EndProject
Project("{FAE04EC0-301F-11D3-BF4B-00C04F79EFBC}") = "grump.testhelpers", "..\tests\shared\grump.testhelpers\grump.testhelpers.csproj", "{B20AECC1-E49C-4D34-87C9-58BF097DFA63}"
EndProject
Global
	GlobalSection(SolutionConfigurationPlatforms) = preSolution
		Debug|Any CPU = Debug|Any CPU
		Release|Any CPU = Release|Any CPU
	EndGlobalSection
	GlobalSection(ProjectConfigurationPlatforms) = postSolution
		{24026C2F-0084-4F67-9996-0AC0DE8326F3}.Debug|Any CPU.ActiveCfg = Debug|Any CPU
		{24026C2F-0084-4F67-9996-0AC0DE8326F3}.Debug|Any CPU.Build.0 = Debug|Any CPU
		{24026C2F-0084-4F67-9996-0AC0DE8326F3}.Release|Any CPU.ActiveCfg = Release|Any CPU
		{24026C2F-0084-4F67-9996-0AC0DE8326F3}.Release|Any CPU.Build.0 = Release|Any CPU
		{FC812FA1-1A8C-461F-972D-3AD829D3C51A}.Debug|Any CPU.ActiveCfg = Debug|Any CPU
		{FC812FA1-1A8C-461F-972D-3AD829D3C51A}.Debug|Any CPU.Build.0 = Debug|Any CPU
		{FC812FA1-1A8C-461F-972D-3AD829D3C51A}.Release|Any CPU.ActiveCfg = Release|Any CPU
		{FC812FA1-1A8C-461F-972D-3AD829D3C51A}.Release|Any CPU.Build.0 = Release|Any CPU
		{0F7936BF-C6DC-4668-AB4D-0E920A0EF51D}.Debug|Any CPU.ActiveCfg = Debug|Any CPU
		{0F7936BF-C6DC-4668-AB4D-0E920A0EF51D}.Debug|Any CPU.Build.0 = Debug|Any CPU
		{0F7936BF-C6DC-4668-AB4D-0E920A0EF51D}.Release|Any CPU.ActiveCfg = Release|Any CPU
		{0F7936BF-C6DC-4668-AB4D-0E920A0EF51D}.Release|Any CPU.Build.0 = Release|Any CPU
		{20930002-731D-45CF-814F-CC3F022DB369}.Debug|Any CPU.ActiveCfg = Debug|Any CPU
		{20930002-731D-45CF-814F-CC3F022DB369}.Debug|Any CPU.Build.0 = Debug|Any CPU
		{20930002-731D-45CF-814F-CC3F022DB369}.Release|Any CPU.ActiveCfg = Release|Any CPU
		{20930002-731D-45CF-814F-CC3F022DB369}.Release|Any CPU.Build.0 = Release|Any CPU
		{36E5058B-7290-44B8-A64B-CAF344B57043}.Debug|Any CPU.ActiveCfg = Debug|Any CPU
		{36E5058B-7290-44B8-A64B-CAF344B57043}.Debug|Any CPU.Build.0 = Debug|Any CPU
		{36E5058B-7290-44B8-A64B-CAF344B57043}.Release|Any CPU.ActiveCfg = Release|Any CPU
		{36E5058B-7290-44B8-A64B-CAF344B57043}.Release|Any CPU.Build.0 = Release|Any CPU
		{B20AECC1-E49C-4D34-87C9-58BF097DFA63}.Debug|Any CPU.ActiveCfg = Debug|Any CPU
		{B20AECC1-E49C-4D34-87C9-58BF097DFA63}.Debug|Any CPU.Build.0 = Debug|Any CPU
		{B20AECC1-E49C-4D34-87C9-58BF097DFA63}.Release|Any CPU.ActiveCfg = Release|Any CPU
		{B20AECC1-E49C-4D34-87C9-58BF097DFA63}.Release|Any CPU.Build.0 = Release|Any CPU
	EndGlobalSection
	GlobalSection(SolutionProperties) = preSolution
		HideSolutionNode = FALSE
	EndGlobalSection
	GlobalSection(NestedProjects) = preSolution
		{24026C2F-0084-4F67-9996-0AC0DE8326F3} = {8BA9C46B-DC6A-4A4E-931F-78B3C0B4FFBD}
		{FC812FA1-1A8C-461F-972D-3AD829D3C51A} = {8BA9C46B-DC6A-4A4E-931F-78B3C0B4FFBD}
		{0F7936BF-C6DC-4668-AB4D-0E920A0EF51D} = {F7D79DB2-DDC7-415E-8475-302F13DB6B21}
		{20930002-731D-45CF-814F-CC3F022DB369} = {6C2240F9-B0B2-47B8-A74C-AAD82C15F165}
		{36E5058B-7290-44B8-A64B-CAF344B57043} = {F7D79DB2-DDC7-415E-8475-302F13DB6B21}
		{6C2240F9-B0B2-47B8-A74C-AAD82C15F165} = {E211CB6F-810D-47B8-8466-9E964644162A}
		{F7D79DB2-DDC7-415E-8475-302F13DB6B21} = {E211CB6F-810D-47B8-8466-9E964644162A}
		{9C3C58C7-73D6-44E1-BF48-BF8A6FD36AC0} = {E211CB6F-810D-47B8-8466-9E964644162A}
		{B20AECC1-E49C-4D34-87C9-58BF097DFA63} = {9C3C58C7-73D6-44E1-BF48-BF8A6FD36AC0}
	EndGlobalSection
	GlobalSection(ExtensibilityGlobals) = postSolution
		SolutionGuid = {D3BB6A03-1637-4FC2-A1FA-B96A4A0665B6}
	EndGlobalSection
EndGlobal
